{
  "name": "planificadorHorariosASP",
  "lockfileVersion": 3,
  "requires": true,
  "packages": {
    "": {
      "dependencies": {
        "@fullcalendar/angular": "^6.1.10",
        "@fullcalendar/core": "^6.1.11",
        "@fullcalendar/daygrid": "^6.1.11",
        "@fullcalendar/interaction": "^6.1.11"
      }
    },
    "node_modules/@angular/common": {
      "version": "17.3.4",
      "resolved": "https://registry.npmjs.org/@angular/common/-/common-17.3.4.tgz",
      "integrity": "sha512-rEsmtwUMJaNvaimh9hwaHdDLXaOIrjEnYdhmJUvDaKPQaFfSbH3CGGVz9brUyzVJyiWJYkYM0ssxavczeiEe8g==",
      "peer": true,
      "dependencies": {
        "tslib": "^2.3.0"
      },
      "engines": {
        "node": "^18.13.0 || >=20.9.0"
      },
      "peerDependencies": {
        "@angular/core": "17.3.4",
        "rxjs": "^6.5.3 || ^7.4.0"
      }
    },
    "node_modules/@angular/core": {
      "version": "17.3.4",
      "resolved": "https://registry.npmjs.org/@angular/core/-/core-17.3.4.tgz",
      "integrity": "sha512-fvhBkfa/DDBzp1UcNzSxHj+Z9DebSS/o9pZpZlbu/0uEiu9hScmScnhaty5E0EbutzHB0SVUCz7zZuDeAywvWg==",
      "peer": true,
      "dependencies": {
        "tslib": "^2.3.0"
      },
      "engines": {
        "node": "^18.13.0 || >=20.9.0"
      },
      "peerDependencies": {
        "rxjs": "^6.5.3 || ^7.4.0",
        "zone.js": "~0.14.0"
      }
    },
    "node_modules/@fullcalendar/angular": {
      "version": "6.1.10",
      "resolved": "https://registry.npmjs.org/@fullcalendar/angular/-/angular-6.1.10.tgz",
      "integrity": "sha512-y0aIC5Zexu8PaULF4u+K8LzMVu8pI7kLkEI53c7gV2/1OOGMg5Ld3tVeuArsHfAdlPdOqiWa/q2/ECZj28/Izg==",
      "dependencies": {
        "tslib": "^2.3.0"
      },
      "peerDependencies": {
        "@angular/common": "12 - 17",
        "@angular/core": "12 - 17",
        "@fullcalendar/core": "~6.1.10"
      }
    },
    "node_modules/@fullcalendar/core": {
      "version": "6.1.11",
      "resolved": "https://registry.npmjs.org/@fullcalendar/core/-/core-6.1.11.tgz",
      "integrity": "sha512-TjG7c8sUz+Vkui2FyCNJ+xqyu0nq653Ibe99A66LoW95oBo6tVhhKIaG1Wh0GVKymYiqAQN/OEdYTuj4ay27kA==",
      "dependencies": {
        "preact": "~10.12.1"
      }
    },
    "node_modules/@fullcalendar/daygrid": {
      "version": "6.1.11",
      "resolved": "https://registry.npmjs.org/@fullcalendar/daygrid/-/daygrid-6.1.11.tgz",
      "integrity": "sha512-hF5jJB7cgUIxWD5MVjj8IU407HISyLu7BWXcEIuTytkfr8oolOXeCazqnnjmRbnFOncoJQVstTtq6SIhaT32Xg==",
      "peerDependencies": {
        "@fullcalendar/core": "~6.1.11"
      }
    },
    "node_modules/@fullcalendar/interaction": {
      "version": "6.1.11",
      "resolved": "https://registry.npmjs.org/@fullcalendar/interaction/-/interaction-6.1.11.tgz",
      "integrity": "sha512-ynOKjzuPwEAMgTQ6R/Z2zvzIIqG4p8/Qmnhi1q0vzPZZxSIYx3rlZuvpEK2WGBZZ1XEafDOP/LGfbWoNZe+qdg==",
      "peerDependencies": {
        "@fullcalendar/core": "~6.1.11"
      }
    },
    "node_modules/preact": {
      "version": "10.12.1",
      "resolved": "https://registry.npmjs.org/preact/-/preact-10.12.1.tgz",
      "integrity": "sha512-l8386ixSsBdbreOAkqtrwqHwdvR35ID8c3rKPa8lCWuO86dBi32QWHV4vfsZK1utLLFMvw+Z5Ad4XLkZzchscg==",
      "funding": {
        "type": "opencollective",
        "url": "https://opencollective.com/preact"
      }
    },
    "node_modules/rxjs": {
      "version": "7.8.1",
      "resolved": "https://registry.npmjs.org/rxjs/-/rxjs-7.8.1.tgz",
      "integrity": "sha512-AA3TVj+0A2iuIoQkWEK/tqFjBq2j+6PO6Y0zJcvzLAFhEFIO3HL0vls9hWLncZbAAbK0mar7oZ4V079I/qPMxg==",
      "peer": true,
      "dependencies": {
        "tslib": "^2.1.0"
      }
    },
    "node_modules/tslib": {
      "version": "2.6.2",
      "resolved": "https://registry.npmjs.org/tslib/-/tslib-2.6.2.tgz",
      "integrity": "sha512-AEYxH93jGFPn/a2iVAwW87VuUIkR1FVUKB77NwMF7nBTDkDrrT/Hpt/IrCJ0QXhW27jTBDcf5ZY7w6RiqTMw2Q=="
    },
    "node_modules/zone.js": {
      "version": "0.14.4",
      "resolved": "https://registry.npmjs.org/zone.js/-/zone.js-0.14.4.tgz",
      "integrity": "sha512-NtTUvIlNELez7Q1DzKVIFZBzNb646boQMgpATo9z3Ftuu/gWvzxCW7jdjcUDoRGxRikrhVHB/zLXh1hxeJawvw==",
      "peer": true,
      "dependencies": {
        "tslib": "^2.3.0"
      }
    }
  }
}
